{
  "name": "sails-proxywrap",
  "version": "1.0.3",
  "lockfileVersion": 1,
  "requires": true,
  "dependencies": {
    "findhit-proxywrap": {
      "version": "0.3.12",
      "resolved": "https://registry.npmjs.org/findhit-proxywrap/-/findhit-proxywrap-0.3.12.tgz",
      "integrity": "sha1-L0dJ+lned0BEJlR8ts9gwlat5JY=",
      "requires": {
        "findhit-util": "0.2.9"
      }
    },
    "findhit-util": {
      "version": "0.2.9",
      "resolved": "https://registry.npmjs.org/findhit-util/-/findhit-util-0.2.9.tgz",
      "integrity": "sha1-swIh7MrLlbBHejJsB8YDf3wG/68="
    }
  }
}
